
Microsoft Visual Studio Solution File, Format Version 12.00
# Visual Studio Version 16
VisualStudioVersion = 16.0.31410.357
MinimumVisualStudioVersion = 10.0.40219.1
Project("{FAE04EC0-301F-11D3-BF4B-00C04F79EFBC}") = "UniverusWebTelerik", "UniverusWebTelerik.csproj", "{83E499BB-9332-4D10-80CD-19FA9E01A134}"
EndProject
Global
	GlobalSection(SolutionConfigurationPlatforms) = preSolution
		Debug|Any CPU = Debug|Any CPU
		Release|Any CPU = Release|Any CPU
	EndGlobalSection
	GlobalSection(ProjectConfigurationPlatforms) = postSolution
		{83E499BB-9332-4D10-80CD-19FA9E01A134}.Debug|Any CPU.ActiveCfg = Debug|Any CPU
		{83E499BB-9332-4D10-80CD-19FA9E01A134}.Debug|Any CPU.Build.0 = Debug|Any CPU
		{83E499BB-9332-4D10-80CD-19FA9E01A134}.Release|Any CPU.ActiveCfg = Release|Any CPU
		{83E499BB-9332-4D10-80CD-19FA9E01A134}.Release|Any CPU.Build.0 = Release|Any CPU
	EndGlobalSection
	GlobalSection(SolutionProperties) = preSolution
		HideSolutionNode = FALSE
	EndGlobalSection
	GlobalSection(ExtensibilityGlobals) = postSolution
		SolutionGuid = {BB014B52-A606-4BD8-8B0D-EDF392E94718}
	EndGlobalSection
EndGlobal
